
Microsoft Visual Studio Solution File, Format Version 12.00
# Visual Studio Version 16
VisualStudioVersion = 16.0.28809.33
MinimumVisualStudioVersion = 10.0.40219.1
Project("{9A19103F-16F7-4668-BE54-9A1E7A4F7556}") = "DataModel", "DataModel\DataModel.csproj", "{58D3DACE-C048-425E-B140-0F58457EA674}"
EndProject
Project("{9A19103F-16F7-4668-BE54-9A1E7A4F7556}") = "DrawingEngine", "DrawingEngine\DrawingEngine.csproj", "{DE46CFB2-A187-4752-A0A0-6661EE203178}"
EndProject
Project("{9A19103F-16F7-4668-BE54-9A1E7A4F7556}") = "GDIPlusGraphicsWrapper", "GDIPlusGraphicsWrapper\GDIPlusGraphicsWrapper.csproj", "{171339C9-D7E6-4EF0-85F8-7857EB73D9D8}"
EndProject
Project("{9A19103F-16F7-4668-BE54-9A1E7A4F7556}") = "Utils", "Utils\Utils.csproj", "{A5AD01DD-B9DC-42EE-8D13-BE4AE66C80A3}"
EndProject
Project("{FAE04EC0-301F-11D3-BF4B-00C04F79EFBC}") = "UI", "UI\UI.csproj", "{042EE2BD-0C9B-4788-950E-2F625363AA56}"
EndProject
Global
	GlobalSection(SolutionConfigurationPlatforms) = preSolution
		Debug|Any CPU = Debug|Any CPU
		Release|Any CPU = Release|Any CPU
	EndGlobalSection
	GlobalSection(ProjectConfigurationPlatforms) = postSolution
		{58D3DACE-C048-425E-B140-0F58457EA674}.Debug|Any CPU.ActiveCfg = Debug|Any CPU
		{58D3DACE-C048-425E-B140-0F58457EA674}.Debug|Any CPU.Build.0 = Debug|Any CPU
		{58D3DACE-C048-425E-B140-0F58457EA674}.Release|Any CPU.ActiveCfg = Release|Any CPU
		{58D3DACE-C048-425E-B140-0F58457EA674}.Release|Any CPU.Build.0 = Release|Any CPU
		{DE46CFB2-A187-4752-A0A0-6661EE203178}.Debug|Any CPU.ActiveCfg = Debug|Any CPU
		{DE46CFB2-A187-4752-A0A0-6661EE203178}.Debug|Any CPU.Build.0 = Debug|Any CPU
		{DE46CFB2-A187-4752-A0A0-6661EE203178}.Release|Any CPU.ActiveCfg = Release|Any CPU
		{DE46CFB2-A187-4752-A0A0-6661EE203178}.Release|Any CPU.Build.0 = Release|Any CPU
		{171339C9-D7E6-4EF0-85F8-7857EB73D9D8}.Debug|Any CPU.ActiveCfg = Debug|Any CPU
		{171339C9-D7E6-4EF0-85F8-7857EB73D9D8}.Debug|Any CPU.Build.0 = Debug|Any CPU
		{171339C9-D7E6-4EF0-85F8-7857EB73D9D8}.Release|Any CPU.ActiveCfg = Release|Any CPU
		{171339C9-D7E6-4EF0-85F8-7857EB73D9D8}.Release|Any CPU.Build.0 = Release|Any CPU
		{A5AD01DD-B9DC-42EE-8D13-BE4AE66C80A3}.Debug|Any CPU.ActiveCfg = Debug|Any CPU
		{A5AD01DD-B9DC-42EE-8D13-BE4AE66C80A3}.Debug|Any CPU.Build.0 = Debug|Any CPU
		{A5AD01DD-B9DC-42EE-8D13-BE4AE66C80A3}.Release|Any CPU.ActiveCfg = Release|Any CPU
		{A5AD01DD-B9DC-42EE-8D13-BE4AE66C80A3}.Release|Any CPU.Build.0 = Release|Any CPU
		{042EE2BD-0C9B-4788-950E-2F625363AA56}.Debug|Any CPU.ActiveCfg = Debug|Any CPU
		{042EE2BD-0C9B-4788-950E-2F625363AA56}.Debug|Any CPU.Build.0 = Debug|Any CPU
		{042EE2BD-0C9B-4788-950E-2F625363AA56}.Release|Any CPU.ActiveCfg = Release|Any CPU
		{042EE2BD-0C9B-4788-950E-2F625363AA56}.Release|Any CPU.Build.0 = Release|Any CPU
	EndGlobalSection
	GlobalSection(SolutionProperties) = preSolution
		HideSolutionNode = FALSE
	EndGlobalSection
	GlobalSection(ExtensibilityGlobals) = postSolution
		SolutionGuid = {12FBF59C-FADC-426E-BA1D-509CFCDD3708}
	EndGlobalSection
EndGlobal
